
Microsoft Visual Studio Solution File, Format Version 12.00
# Visual Studio Version 16
VisualStudioVersion = 16.0.32413.511
MinimumVisualStudioVersion = 10.0.40219.1
Project("{00D1A9C2-B5F0-4AF3-8072-F6C62B433612}") = "SkinetDB", "SkinetDB\SkinetDB.sqlproj", "{903FA381-64F5-4EED-BC05-64B173F2C23C}"
EndProject
Global
	GlobalSection(SolutionConfigurationPlatforms) = preSolution
		Debug|Any CPU = Debug|Any CPU
		Release|Any CPU = Release|Any CPU
	EndGlobalSection
	GlobalSection(ProjectConfigurationPlatforms) = postSolution
		{903FA381-64F5-4EED-BC05-64B173F2C23C}.Debug|Any CPU.ActiveCfg = Debug|Any CPU
		{903FA381-64F5-4EED-BC05-64B173F2C23C}.Debug|Any CPU.Build.0 = Debug|Any CPU
		{903FA381-64F5-4EED-BC05-64B173F2C23C}.Debug|Any CPU.Deploy.0 = Debug|Any CPU
		{903FA381-64F5-4EED-BC05-64B173F2C23C}.Release|Any CPU.ActiveCfg = Release|Any CPU
		{903FA381-64F5-4EED-BC05-64B173F2C23C}.Release|Any CPU.Build.0 = Release|Any CPU
		{903FA381-64F5-4EED-BC05-64B173F2C23C}.Release|Any CPU.Deploy.0 = Release|Any CPU
	EndGlobalSection
	GlobalSection(SolutionProperties) = preSolution
		HideSolutionNode = FALSE
	EndGlobalSection
	GlobalSection(ExtensibilityGlobals) = postSolution
		SolutionGuid = {D8950AD1-A7E9-4BA9-89F1-D20BA9B4D72C}
	EndGlobalSection
EndGlobal
